
Microsoft Visual Studio Solution File, Format Version 12.00
# Visual Studio Version 17
VisualStudioVersion = 17.2.32630.192
MinimumVisualStudioVersion = 10.0.40219.1
Project("{FAE04EC0-301F-11D3-BF4B-00C04F79EFBC}") = "ChangePass", "ChangePass\ChangePass.csproj", "{6C7E89B6-1FDC-4653-A8CF-9F8AE308E191}"
EndProject
Global
	GlobalSection(SolutionConfigurationPlatforms) = preSolution
		Debug|Any CPU = Debug|Any CPU
		Release|Any CPU = Release|Any CPU
	EndGlobalSection
	GlobalSection(ProjectConfigurationPlatforms) = postSolution
		{6C7E89B6-1FDC-4653-A8CF-9F8AE308E191}.Debug|Any CPU.ActiveCfg = Debug|Any CPU
		{6C7E89B6-1FDC-4653-A8CF-9F8AE308E191}.Debug|Any CPU.Build.0 = Debug|Any CPU
		{6C7E89B6-1FDC-4653-A8CF-9F8AE308E191}.Release|Any CPU.ActiveCfg = Release|Any CPU
		{6C7E89B6-1FDC-4653-A8CF-9F8AE308E191}.Release|Any CPU.Build.0 = Release|Any CPU
	EndGlobalSection
	GlobalSection(SolutionProperties) = preSolution
		HideSolutionNode = FALSE
	EndGlobalSection
	GlobalSection(ExtensibilityGlobals) = postSolution
		SolutionGuid = {19F6F3A4-C6CB-484D-9EF8-D925D4DDE5E8}
	EndGlobalSection
EndGlobal
